// !$*UTF8*$!
{
	archiveVersion = 1;
	classes = {
	};
	objectVersion = 46;
	objects = {

/* Begin PBXBuildFile section */
		1639884F1E25524D00EC8B2D /* AppDelegate.swift in Sources */ = {isa = PBXBuildFile; fileRef = 1639884E1E25524D00EC8B2D /* AppDelegate.swift */; };
		163988511E25524D00EC8B2D /* JokeController.swift in Sources */ = {isa = PBXBuildFile; fileRef = 163988501E25524D00EC8B2D /* JokeController.swift */; };
		163988541E25524D00EC8B2D /* Main.storyboard in Resources */ = {isa = PBXBuildFile; fileRef = 163988521E25524D00EC8B2D /* Main.storyboard */; };
		163988591E25524D00EC8B2D /* LaunchScreen.storyboard in Resources */ = {isa = PBXBuildFile; fileRef = 163988571E25524D00EC8B2D /* LaunchScreen.storyboard */; };
		163988641E2560B100EC8B2D /* PictureURLsModel.swift in Sources */ = {isa = PBXBuildFile; fileRef = 163988631E2560B100EC8B2D /* PictureURLsModel.swift */; };
		163988661E25623D00EC8B2D /* SelectionController.swift in Sources */ = {isa = PBXBuildFile; fileRef = 163988651E25623D00EC8B2D /* SelectionController.swift */; };
		1639886A1E257BBF00EC8B2D /* JokeLabelView.swift in Sources */ = {isa = PBXBuildFile; fileRef = 163988691E257BBF00EC8B2D /* JokeLabelView.swift */; };
		1639886D1E258D9000EC8B2D /* DetermineJokeType.swift in Sources */ = {isa = PBXBuildFile; fileRef = 1639886C1E258D9000EC8B2D /* DetermineJokeType.swift */; };
		16768D281E25E15000A262A6 /* JokeBankModel.swift in Sources */ = {isa = PBXBuildFile; fileRef = 16768D271E25E15000A262A6 /* JokeBankModel.swift */; };
		16768D341E25FF7E00A262A6 /* PunBankModel.swift in Sources */ = {isa = PBXBuildFile; fileRef = 16768D331E25FF7E00A262A6 /* PunBankModel.swift */; };
		16768D381E269AB600A262A6 /* ImageView.swift in Sources */ = {isa = PBXBuildFile; fileRef = 16768D371E269AB600A262A6 /* ImageView.swift */; };
		16768D3A1E26C60C00A262A6 /* Assets.xcassets in Resources */ = {isa = PBXBuildFile; fileRef = 16768D391E26C60C00A262A6 /* Assets.xcassets */; };
		16768D3F1E26D49200A262A6 /* PunLabelView.swift in Sources */ = {isa = PBXBuildFile; fileRef = 16768D3E1E26D49200A262A6 /* PunLabelView.swift */; };
		16768D411E26E37600A262A6 /* SelectionView.swift in Sources */ = {isa = PBXBuildFile; fileRef = 16768D401E26E37600A262A6 /* SelectionView.swift */; };
/* End PBXBuildFile section */

/* Begin PBXFileReference section */
		1639884B1E25524D00EC8B2D /* Laugh-A-Lot.app */ = {isa = PBXFileReference; explicitFileType = wrapper.application; includeInIndex = 0; path = "Laugh-A-Lot.app"; sourceTree = BUILT_PRODUCTS_DIR; };
		1639884E1E25524D00EC8B2D /* AppDelegate.swift */ = {isa = PBXFileReference; lastKnownFileType = sourcecode.swift; path = AppDelegate.swift; sourceTree = "<group>"; };
		163988501E25524D00EC8B2D /* JokeController.swift */ = {isa = PBXFileReference; lastKnownFileType = sourcecode.swift; path = JokeController.swift; sourceTree = "<group>"; };
		163988531E25524D00EC8B2D /* Base */ = {isa = PBXFileReference; lastKnownFileType = file.storyboard; name = Base; path = Base.lproj/Main.storyboard; sourceTree = "<group>"; };
		163988581E25524D00EC8B2D /* Base */ = {isa = PBXFileReference; lastKnownFileType = file.storyboard; name = Base; path = Base.lproj/LaunchScreen.storyboard; sourceTree = "<group>"; };
		1639885A1E25524D00EC8B2D /* Info.plist */ = {isa = PBXFileReference; lastKnownFileType = text.plist.xml; path = Info.plist; sourceTree = "<group>"; };
		163988631E2560B100EC8B2D /* PictureURLsModel.swift */ = {isa = PBXFileReference; fileEncoding = 4; lastKnownFileType = sourcecode.swift; path = PictureURLsModel.swift; sourceTree = "<group>"; };
		163988651E25623D00EC8B2D /* SelectionController.swift */ = {isa = PBXFileReference; fileEncoding = 4; lastKnownFileType = sourcecode.swift; path = SelectionController.swift; sourceTree = "<group>"; };
		163988691E257BBF00EC8B2D /* JokeLabelView.swift */ = {isa = PBXFileReference; fileEncoding = 4; lastKnownFileType = sourcecode.swift; path = JokeLabelView.swift; sourceTree = "<group>"; };
		1639886C1E258D9000EC8B2D /* DetermineJokeType.swift */ = {isa = PBXFileReference; fileEncoding = 4; lastKnownFileType = sourcecode.swift; path = DetermineJokeType.swift; sourceTree = "<group>"; };
		16768D271E25E15000A262A6 /* JokeBankModel.swift */ = {isa = PBXFileReference; fileEncoding = 4; lastKnownFileType = sourcecode.swift; path = JokeBankModel.swift; sourceTree = "<group>"; };
		16768D331E25FF7E00A262A6 /* PunBankModel.swift */ = {isa = PBXFileReference; fileEncoding = 4; lastKnownFileType = sourcecode.swift; path = PunBankModel.swift; sourceTree = "<group>"; };
		16768D371E269AB600A262A6 /* ImageView.swift */ = {isa = PBXFileReference; fileEncoding = 4; lastKnownFileType = sourcecode.swift; path = ImageView.swift; sourceTree = "<group>"; };
		16768D391E26C60C00A262A6 /* Assets.xcassets */ = {isa = PBXFileReference; lastKnownFileType = folder.assetcatalog; name = Assets.xcassets; path = ../Assets.xcassets; sourceTree = "<group>"; };
		16768D3E1E26D49200A262A6 /* PunLabelView.swift */ = {isa = PBXFileReference; fileEncoding = 4; lastKnownFileType = sourcecode.swift; path = PunLabelView.swift; sourceTree = "<group>"; };
		16768D401E26E37600A262A6 /* SelectionView.swift */ = {isa = PBXFileReference; fileEncoding = 4; lastKnownFileType = sourcecode.swift; path = SelectionView.swift; sourceTree = "<group>"; };
/* End PBXFileReference section */

/* Begin PBXFrameworksBuildPhase section */
		163988481E25524D00EC8B2D /* Frameworks */ = {
			isa = PBXFrameworksBuildPhase;
			buildActionMask = 2147483647;
			files = (
			);
			runOnlyForDeploymentPostprocessing = 0;
		};
/* End PBXFrameworksBuildPhase section */

/* Begin PBXGroup section */
		163988421E25524D00EC8B2D = {
			isa = PBXGroup;
			children = (
				1639884D1E25524D00EC8B2D /* Laugh-A-Lot */,
				1639884C1E25524D00EC8B2D /* Products */,
			);
			sourceTree = "<group>";
		};
		1639884C1E25524D00EC8B2D /* Products */ = {
			isa = PBXGroup;
			children = (
				1639884B1E25524D00EC8B2D /* Laugh-A-Lot.app */,
			);
			name = Products;
			sourceTree = "<group>";
		};
		1639884D1E25524D00EC8B2D /* Laugh-A-Lot */ = {
			isa = PBXGroup;
			children = (
				163988601E25528D00EC8B2D /* Supporting Files */,
				163988521E25524D00EC8B2D /* Main.storyboard */,
				16768D3B1E26C70C00A262A6 /* ViewController1 */,
				16768D3C1E26C71A00A262A6 /* ViewController2 */,
			);
			path = "Laugh-A-Lot";
			sourceTree = "<group>";
		};
		163988601E25528D00EC8B2D /* Supporting Files */ = {
			isa = PBXGroup;
			children = (
				1639884E1E25524D00EC8B2D /* AppDelegate.swift */,
				16768D391E26C60C00A262A6 /* Assets.xcassets */,
				1639885A1E25524D00EC8B2D /* Info.plist */,
				163988571E25524D00EC8B2D /* LaunchScreen.storyboard */,
			);
			name = "Supporting Files";
			sourceTree = "<group>";
		};
		16768D3B1E26C70C00A262A6 /* ViewController1 */ = {
			isa = PBXGroup;
			children = (
				163988651E25623D00EC8B2D /* SelectionController.swift */,
				16768D401E26E37600A262A6 /* SelectionView.swift */,
				1639886C1E258D9000EC8B2D /* DetermineJokeType.swift */,
			);
			name = ViewController1;
			sourceTree = "<group>";
		};
		16768D3C1E26C71A00A262A6 /* ViewController2 */ = {
			isa = PBXGroup;
			children = (
				163988501E25524D00EC8B2D /* JokeController.swift */,
				16768D271E25E15000A262A6 /* JokeBankModel.swift */,
				16768D331E25FF7E00A262A6 /* PunBankModel.swift */,
				163988631E2560B100EC8B2D /* PictureURLsModel.swift */,
				163988691E257BBF00EC8B2D /* JokeLabelView.swift */,
				16768D3E1E26D49200A262A6 /* PunLabelView.swift */,
				16768D371E269AB600A262A6 /* ImageView.swift */,
			);
			name = ViewController2;
			sourceTree = "<group>";
		};
/* End PBXGroup section */

/* Begin PBXNativeTarget section */
		1639884A1E25524D00EC8B2D /* Laugh-A-Lot */ = {
			isa = PBXNativeTarget;
			buildConfigurationList = 1639885D1E25524D00EC8B2D /* Build configuration list for PBXNativeTarget "Laugh-A-Lot" */;
			buildPhases = (
				163988471E25524D00EC8B2D /* Sources */,
				163988481E25524D00EC8B2D /* Frameworks */,
				163988491E25524D00EC8B2D /* Resources */,
			);
			buildRules = (
			);
			dependencies = (
			);
			name = "Laugh-A-Lot";
			productName = "Laugh-A-Lot";
			productReference = 1639884B1E25524D00EC8B2D /* Laugh-A-Lot.app */;
			productType = "com.apple.product-type.application";
		};
/* End PBXNativeTarget section */

/* Begin PBXProject section */
		163988431E25524D00EC8B2D /* Project object */ = {
			isa = PBXProject;
			attributes = {
				LastSwiftUpdateCheck = 0820;
				LastUpgradeCheck = 0820;
				ORGANIZATIONNAME = Rave;
				TargetAttributes = {
					1639884A1E25524D00EC8B2D = {
						CreatedOnToolsVersion = 8.2.1;
						LastSwiftMigration = 0820;
						ProvisioningStyle = Automatic;
					};
				};
			};
			buildConfigurationList = 163988461E25524D00EC8B2D /* Build configuration list for PBXProject "Laugh-A-Lot" */;
			compatibilityVersion = "Xcode 3.2";
			developmentRegion = English;
			hasScannedForEncodings = 0;
			knownRegions = (
				en,
				Base,
			);
			mainGroup = 163988421E25524D00EC8B2D;
			productRefGroup = 1639884C1E25524D00EC8B2D /* Products */;
			projectDirPath = "";
			projectRoot = "";
			targets = (
				1639884A1E25524D00EC8B2D /* Laugh-A-Lot */,
			);
		};
/* End PBXProject section */

/* Begin PBXResourcesBuildPhase section */
		163988491E25524D00EC8B2D /* Resources */ = {
			isa = PBXResourcesBuildPhase;
			buildActionMask = 2147483647;
			files = (
				163988591E25524D00EC8B2D /* LaunchScreen.storyboard in Resources */,
				16768D3A1E26C60C00A262A6 /* Assets.xcassets in Resources */,
				163988541E25524D00EC8B2D /* Main.storyboard in Resources */,
			);
			runOnlyForDeploymentPostprocessing = 0;
		};
/* End PBXResourcesBuildPhase section */

/* Begin PBXSourcesBuildPhase section */
		163988471E25524D00EC8B2D /* Sources */ = {
			isa = PBXSourcesBuildPhase;
			buildActionMask = 2147483647;
			files = (
				16768D381E269AB600A262A6 /* ImageView.swift in Sources */,
				163988511E25524D00EC8B2D /* JokeController.swift in Sources */,
				163988661E25623D00EC8B2D /* SelectionController.swift in Sources */,
				16768D281E25E15000A262A6 /* JokeBankModel.swift in Sources */,
				1639886D1E258D9000EC8B2D /* DetermineJokeType.swift in Sources */,
				1639886A1E257BBF00EC8B2D /* JokeLabelView.swift in Sources */,
				16768D3F1E26D49200A262A6 /* PunLabelView.swift in Sources */,
				1639884F1E25524D00EC8B2D /* AppDelegate.swift in Sources */,
				163988641E2560B100EC8B2D /* PictureURLsModel.swift in Sources */,
				16768D341E25FF7E00A262A6 /* PunBankModel.swift in Sources */,
				16768D411E26E37600A262A6 /* SelectionView.swift in Sources */,
			);
			runOnlyForDeploymentPostprocessing = 0;
		};
/* End PBXSourcesBuildPhase section */

/* Begin PBXVariantGroup section */
		163988521E25524D00EC8B2D /* Main.storyboard */ = {
			isa = PBXVariantGroup;
			children = (
				163988531E25524D00EC8B2D /* Base */,
			);
			name = Main.storyboard;
			sourceTree = "<group>";
		};
		163988571E25524D00EC8B2D /* LaunchScreen.storyboard */ = {
			isa = PBXVariantGroup;
			children = (
				163988581E25524D00EC8B2D /* Base */,
			);
			name = LaunchScreen.storyboard;
			sourceTree = "<group>";
		};
/* End PBXVariantGroup section */

/* Begin XCBuildConfiguration section */
		1639885B1E25524D00EC8B2D /* Debug */ = {
			isa = XCBuildConfiguration;
			buildSettings = {
				ALWAYS_SEARCH_USER_PATHS = NO;
				CLANG_ANALYZER_NONNULL = YES;
				CLANG_CXX_LANGUAGE_STANDARD = "gnu++0x";
				CLANG_CXX_LIBRARY = "libc++";
				CLANG_ENABLE_MODULES = YES;
				CLANG_ENABLE_OBJC_ARC = YES;
				CLANG_WARN_BOOL_CONVERSION = YES;
				CLANG_WARN_CONSTANT_CONVERSION = YES;
				CLANG_WARN_DIRECT_OBJC_ISA_USAGE = YES_ERROR;
				CLANG_WARN_DOCUMENTATION_COMMENTS = YES;
				CLANG_WARN_EMPTY_BODY = YES;
				CLANG_WARN_ENUM_CONVERSION = YES;
				CLANG_WARN_INFINITE_RECURSION = YES;
				CLANG_WARN_INT_CONVERSION = YES;
				CLANG_WARN_OBJC_ROOT_CLASS = YES_ERROR;
				CLANG_WARN_SUSPICIOUS_MOVE = YES;
				CLANG_WARN_UNREACHABLE_CODE = YES;
				CLANG_WARN__DUPLICATE_METHOD_MATCH = YES;
				"CODE_SIGN_IDENTITY[sdk=iphoneos*]" = "iPhone Developer";
				COPY_PHASE_STRIP = NO;
				DEBUG_INFORMATION_FORMAT = dwarf;
				ENABLE_STRICT_OBJC_MSGSEND = YES;
				ENABLE_TESTABILITY = YES;
				GCC_C_LANGUAGE_STANDARD = gnu99;
				GCC_DYNAMIC_NO_PIC = NO;
				GCC_NO_COMMON_BLOCKS = YES;
				GCC_OPTIMIZATION_LEVEL = 0;
				GCC_PREPROCESSOR_DEFINITIONS = (
					"DEBUG=1",
					"$(inherited)",
				);
				GCC_WARN_64_TO_32_BIT_CONVERSION = YES;
				GCC_WARN_ABOUT_RETURN_TYPE = YES_ERROR;
				GCC_WARN_UNDECLARED_SELECTOR = YES;
				GCC_WARN_UNINITIALIZED_AUTOS = YES_AGGRESSIVE;
				GCC_WARN_UNUSED_FUNCTION = YES;
				GCC_WARN_UNUSED_VARIABLE = YES;
				IPHONEOS_DEPLOYMENT_TARGET = 10.2;
				MTL_ENABLE_DEBUG_INFO = YES;
				ONLY_ACTIVE_ARCH = YES;
				SDKROOT = iphoneos;
				SWIFT_ACTIVE_COMPILATION_CONDITIONS = DEBUG;
				SWIFT_OPTIMIZATION_LEVEL = "-Onone";
				TARGETED_DEVICE_FAMILY = "1,2";
			};
			name = Debug;
		};
		1639885C1E25524D00EC8B2D /* Release */ = {
			isa = XCBuildConfiguration;
			buildSettings = {
				ALWAYS_SEARCH_USER_PATHS = NO;
				CLANG_ANALYZER_NONNULL = YES;
				CLANG_CXX_LANGUAGE_STANDARD = "gnu++0x";
				CLANG_CXX_LIBRARY = "libc++";
				CLANG_ENABLE_MODULES = YES;
				CLANG_ENABLE_OBJC_ARC = YES;
				CLANG_WARN_BOOL_CONVERSION = YES;
				CLANG_WARN_CONSTANT_CONVERSION = YES;
				CLANG_WARN_DIRECT_OBJC_ISA_USAGE = YES_ERROR;
				CLANG_WARN_DOCUMENTATION_COMMENTS = YES;
				CLANG_WARN_EMPTY_BODY = YES;
				CLANG_WARN_ENUM_CONVERSION = YES;
				CLANG_WARN_INFINITE_RECURSION = YES;
				CLANG_WARN_INT_CONVERSION = YES;
				CLANG_WARN_OBJC_ROOT_CLASS = YES_ERROR;
				CLANG_WARN_SUSPICIOUS_MOVE = YES;
				CLANG_WARN_UNREACHABLE_CODE = YES;
				CLANG_WARN__DUPLICATE_METHOD_MATCH = YES;
				"CODE_SIGN_IDENTITY[sdk=iphoneos*]" = "iPhone Developer";
				COPY_PHASE_STRIP = NO;
				DEBUG_INFORMATION_FORMAT = "dwarf-with-dsym";
				ENABLE_NS_ASSERTIONS = NO;
				ENABLE_STRICT_OBJC_MSGSEND = YES;
				GCC_C_LANGUAGE_STANDARD = gnu99;
				GCC_NO_COMMON_BLOCKS = YES;
				GCC_WARN_64_TO_32_BIT_CONVERSION = YES;
				GCC_WARN_ABOUT_RETURN_TYPE = YES_ERROR;
				GCC_WARN_UNDECLARED_SELECTOR = YES;
				GCC_WARN_UNINITIALIZED_AUTOS = YES_AGGRESSIVE;
				GCC_WARN_UNUSED_FUNCTION = YES;
				GCC_WARN_UNUSED_VARIABLE = YES;
				IPHONEOS_DEPLOYMENT_TARGET = 10.2;
				MTL_ENABLE_DEBUG_INFO = NO;
				SDKROOT = iphoneos;
				SWIFT_OPTIMIZATION_LEVEL = "-Owholemodule";
				TARGETED_DEVICE_FAMILY = "1,2";
				VALIDATE_PRODUCT = YES;
			};
			name = Release;
		};
		1639885E1E25524D00EC8B2D /* Debug */ = {
			isa = XCBuildConfiguration;
			buildSettings = {
				ASSETCATALOG_COMPILER_APPICON_NAME = AppIcon;
				CLANG_ENABLE_MODULES = YES;
				INFOPLIST_FILE = "Laugh-A-Lot/Info.plist";
				LD_RUNPATH_SEARCH_PATHS = "$(inherited) @executable_path/Frameworks";
				PRODUCT_BUNDLE_IDENTIFIER = "enruizno.Laugh-A-Lot";
				PRODUCT_NAME = "$(TARGET_NAME)";
				SWIFT_OPTIMIZATION_LEVEL = "-Onone";
				SWIFT_VERSION = 3.0;
			};
			name = Debug;
		};
		1639885F1E25524D00EC8B2D /* Release */ = {
			isa = XCBuildConfiguration;
			buildSettings = {
				ASSETCATALOG_COMPILER_APPICON_NAME = AppIcon;
				CLANG_ENABLE_MODULES = YES;
				INFOPLIST_FILE = "Laugh-A-Lot/Info.plist";
				LD_RUNPATH_SEARCH_PATHS = "$(inherited) @executable_path/Frameworks";
				PRODUCT_BUNDLE_IDENTIFIER = "enruizno.Laugh-A-Lot";
				PRODUCT_NAME = "$(TARGET_NAME)";
				SWIFT_VERSION = 3.0;
			};
			name = Release;
		};
/* End XCBuildConfiguration section */

/* Begin XCConfigurationList section */
		163988461E25524D00EC8B2D /* Build configuration list for PBXProject "Laugh-A-Lot" */ = {
			isa = XCConfigurationList;
			buildConfigurations = (
				1639885B1E25524D00EC8B2D /* Debug */,
				1639885C1E25524D00EC8B2D /* Release */,
			);
			defaultConfigurationIsVisible = 0;
			defaultConfigurationName = Release;
		};
		1639885D1E25524D00EC8B2D /* Build configuration list for PBXNativeTarget "Laugh-A-Lot" */ = {
			isa = XCConfigurationList;
			buildConfigurations = (
				1639885E1E25524D00EC8B2D /* Debug */,
				1639885F1E25524D00EC8B2D /* Release */,
			);
			defaultConfigurationIsVisible = 0;
			defaultConfigurationName = Release;
		};
/* End XCConfigurationList section */
	};
	rootObject = 163988431E25524D00EC8B2D /* Project object */;
}
